
Microsoft Visual Studio Solution File, Format Version 12.00
# Visual Studio Version 16
VisualStudioVersion = 16.0.30804.86
MinimumVisualStudioVersion = 10.0.40219.1
Project("{9A19103F-16F7-4668-BE54-9A1E7A4F7556}") = "DutchTreat", "DutchTreat.csproj", "{47194F7F-64B1-4D63-BBEA-2DAD3A13E8EF}"
EndProject
Global
	GlobalSection(SolutionConfigurationPlatforms) = preSolution
		Debug|Any CPU = Debug|Any CPU
		Release|Any CPU = Release|Any CPU
	EndGlobalSection
	GlobalSection(ProjectConfigurationPlatforms) = postSolution
		{47194F7F-64B1-4D63-BBEA-2DAD3A13E8EF}.Debug|Any CPU.ActiveCfg = Debug|Any CPU
		{47194F7F-64B1-4D63-BBEA-2DAD3A13E8EF}.Debug|Any CPU.Build.0 = Debug|Any CPU
		{47194F7F-64B1-4D63-BBEA-2DAD3A13E8EF}.Release|Any CPU.ActiveCfg = Release|Any CPU
		{47194F7F-64B1-4D63-BBEA-2DAD3A13E8EF}.Release|Any CPU.Build.0 = Release|Any CPU
	EndGlobalSection
	GlobalSection(SolutionProperties) = preSolution
		HideSolutionNode = FALSE
	EndGlobalSection
	GlobalSection(ExtensibilityGlobals) = postSolution
		SolutionGuid = {CBF4DE76-DD51-4979-A2A6-FEB4F3FB8199}
	EndGlobalSection
EndGlobal
